
Microsoft Visual Studio Solution File, Format Version 12.00
# Visual Studio Version 17
VisualStudioVersion = 17.0.31903.59
MinimumVisualStudioVersion = 10.0.40219.1
Project("{2150E333-8FDC-42A3-9474-1A3956D46DE8}") = "src", "src", "{827E0CD3-B72D-47B6-A68D-7590B98EB39B}"
EndProject
Project("{FAE04EC0-301F-11D3-BF4B-00C04F79EFBC}") = "Domain", "src\Domain\Domain.csproj", "{C9C9988C-C8DD-44E5-A500-D2B1F5379EF1}"
EndProject
Project("{FAE04EC0-301F-11D3-BF4B-00C04F79EFBC}") = "Application", "src\Application\Application.csproj", "{CB8737B8-C793-4F02-B5CA-D13371E06052}"
EndProject
Project("{FAE04EC0-301F-11D3-BF4B-00C04F79EFBC}") = "Infrastructure", "src\Infrastructure\Infrastructure.csproj", "{4E7FEBC9-9E38-4259-96F2-BECA4629B9C6}"
EndProject
Project("{FAE04EC0-301F-11D3-BF4B-00C04F79EFBC}") = "WebAPI", "src\WebAPI\WebAPI.csproj", "{6A20C14B-5679-48D3-96D1-16E7DA58539F}"
EndProject
Project("{FAE04EC0-301F-11D3-BF4B-00C04F79EFBC}") = "UnitTests", "tests\UnitTests\UnitTests.csproj", "{50A107EB-A51F-49FE-9D4A-F7F00040EB28}"
EndProject
Global
	GlobalSection(SolutionConfigurationPlatforms) = preSolution
		Debug|Any CPU = Debug|Any CPU
		Debug|x64 = Debug|x64
		Debug|x86 = Debug|x86
		Release|Any CPU = Release|Any CPU
		Release|x64 = Release|x64
		Release|x86 = Release|x86
	EndGlobalSection
	GlobalSection(ProjectConfigurationPlatforms) = postSolution
		{C9C9988C-C8DD-44E5-A500-D2B1F5379EF1}.Debug|Any CPU.ActiveCfg = Debug|Any CPU
		{C9C9988C-C8DD-44E5-A500-D2B1F5379EF1}.Debug|Any CPU.Build.0 = Debug|Any CPU
		{C9C9988C-C8DD-44E5-A500-D2B1F5379EF1}.Debug|x64.ActiveCfg = Debug|Any CPU
		{C9C9988C-C8DD-44E5-A500-D2B1F5379EF1}.Debug|x64.Build.0 = Debug|Any CPU
		{C9C9988C-C8DD-44E5-A500-D2B1F5379EF1}.Debug|x86.ActiveCfg = Debug|Any CPU
		{C9C9988C-C8DD-44E5-A500-D2B1F5379EF1}.Debug|x86.Build.0 = Debug|Any CPU
		{C9C9988C-C8DD-44E5-A500-D2B1F5379EF1}.Release|Any CPU.ActiveCfg = Release|Any CPU
		{C9C9988C-C8DD-44E5-A500-D2B1F5379EF1}.Release|Any CPU.Build.0 = Release|Any CPU
		{C9C9988C-C8DD-44E5-A500-D2B1F5379EF1}.Release|x64.ActiveCfg = Release|Any CPU
		{C9C9988C-C8DD-44E5-A500-D2B1F5379EF1}.Release|x64.Build.0 = Release|Any CPU
		{C9C9988C-C8DD-44E5-A500-D2B1F5379EF1}.Release|x86.ActiveCfg = Release|Any CPU
		{C9C9988C-C8DD-44E5-A500-D2B1F5379EF1}.Release|x86.Build.0 = Release|Any CPU
		{CB8737B8-C793-4F02-B5CA-D13371E06052}.Debug|Any CPU.ActiveCfg = Debug|Any CPU
		{CB8737B8-C793-4F02-B5CA-D13371E06052}.Debug|Any CPU.Build.0 = Debug|Any CPU
		{CB8737B8-C793-4F02-B5CA-D13371E06052}.Debug|x64.ActiveCfg = Debug|Any CPU
		{CB8737B8-C793-4F02-B5CA-D13371E06052}.Debug|x64.Build.0 = Debug|Any CPU
		{CB8737B8-C793-4F02-B5CA-D13371E06052}.Debug|x86.ActiveCfg = Debug|Any CPU
		{CB8737B8-C793-4F02-B5CA-D13371E06052}.Debug|x86.Build.0 = Debug|Any CPU
		{CB8737B8-C793-4F02-B5CA-D13371E06052}.Release|Any CPU.ActiveCfg = Release|Any CPU
		{CB8737B8-C793-4F02-B5CA-D13371E06052}.Release|Any CPU.Build.0 = Release|Any CPU
		{CB8737B8-C793-4F02-B5CA-D13371E06052}.Release|x64.ActiveCfg = Release|Any CPU
		{CB8737B8-C793-4F02-B5CA-D13371E06052}.Release|x64.Build.0 = Release|Any CPU
		{CB8737B8-C793-4F02-B5CA-D13371E06052}.Release|x86.ActiveCfg = Release|Any CPU
		{CB8737B8-C793-4F02-B5CA-D13371E06052}.Release|x86.Build.0 = Release|Any CPU
		{4E7FEBC9-9E38-4259-96F2-BECA4629B9C6}.Debug|Any CPU.ActiveCfg = Debug|Any CPU
		{4E7FEBC9-9E38-4259-96F2-BECA4629B9C6}.Debug|Any CPU.Build.0 = Debug|Any CPU
		{4E7FEBC9-9E38-4259-96F2-BECA4629B9C6}.Debug|x64.ActiveCfg = Debug|Any CPU
		{4E7FEBC9-9E38-4259-96F2-BECA4629B9C6}.Debug|x64.Build.0 = Debug|Any CPU
		{4E7FEBC9-9E38-4259-96F2-BECA4629B9C6}.Debug|x86.ActiveCfg = Debug|Any CPU
		{4E7FEBC9-9E38-4259-96F2-BECA4629B9C6}.Debug|x86.Build.0 = Debug|Any CPU
		{4E7FEBC9-9E38-4259-96F2-BECA4629B9C6}.Release|Any CPU.ActiveCfg = Release|Any CPU
		{4E7FEBC9-9E38-4259-96F2-BECA4629B9C6}.Release|Any CPU.Build.0 = Release|Any CPU
		{4E7FEBC9-9E38-4259-96F2-BECA4629B9C6}.Release|x64.ActiveCfg = Release|Any CPU
		{4E7FEBC9-9E38-4259-96F2-BECA4629B9C6}.Release|x64.Build.0 = Release|Any CPU
		{4E7FEBC9-9E38-4259-96F2-BECA4629B9C6}.Release|x86.ActiveCfg = Release|Any CPU
		{4E7FEBC9-9E38-4259-96F2-BECA4629B9C6}.Release|x86.Build.0 = Release|Any CPU
		{6A20C14B-5679-48D3-96D1-16E7DA58539F}.Debug|Any CPU.ActiveCfg = Debug|Any CPU
		{6A20C14B-5679-48D3-96D1-16E7DA58539F}.Debug|Any CPU.Build.0 = Debug|Any CPU
		{6A20C14B-5679-48D3-96D1-16E7DA58539F}.Debug|x64.ActiveCfg = Debug|Any CPU
		{6A20C14B-5679-48D3-96D1-16E7DA58539F}.Debug|x64.Build.0 = Debug|Any CPU
		{6A20C14B-5679-48D3-96D1-16E7DA58539F}.Debug|x86.ActiveCfg = Debug|Any CPU
		{6A20C14B-5679-48D3-96D1-16E7DA58539F}.Debug|x86.Build.0 = Debug|Any CPU
		{6A20C14B-5679-48D3-96D1-16E7DA58539F}.Release|Any CPU.ActiveCfg = Release|Any CPU
		{6A20C14B-5679-48D3-96D1-16E7DA58539F}.Release|Any CPU.Build.0 = Release|Any CPU
		{6A20C14B-5679-48D3-96D1-16E7DA58539F}.Release|x64.ActiveCfg = Release|Any CPU
		{6A20C14B-5679-48D3-96D1-16E7DA58539F}.Release|x64.Build.0 = Release|Any CPU
		{6A20C14B-5679-48D3-96D1-16E7DA58539F}.Release|x86.ActiveCfg = Release|Any CPU
		{6A20C14B-5679-48D3-96D1-16E7DA58539F}.Release|x86.Build.0 = Release|Any CPU
		{50A107EB-A51F-49FE-9D4A-F7F00040EB28}.Debug|Any CPU.ActiveCfg = Debug|Any CPU
		{50A107EB-A51F-49FE-9D4A-F7F00040EB28}.Debug|Any CPU.Build.0 = Debug|Any CPU
		{50A107EB-A51F-49FE-9D4A-F7F00040EB28}.Debug|x64.ActiveCfg = Debug|Any CPU
		{50A107EB-A51F-49FE-9D4A-F7F00040EB28}.Debug|x64.Build.0 = Debug|Any CPU
		{50A107EB-A51F-49FE-9D4A-F7F00040EB28}.Debug|x86.ActiveCfg = Debug|Any CPU
		{50A107EB-A51F-49FE-9D4A-F7F00040EB28}.Debug|x86.Build.0 = Debug|Any CPU
		{50A107EB-A51F-49FE-9D4A-F7F00040EB28}.Release|Any CPU.ActiveCfg = Release|Any CPU
		{50A107EB-A51F-49FE-9D4A-F7F00040EB28}.Release|Any CPU.Build.0 = Release|Any CPU
		{50A107EB-A51F-49FE-9D4A-F7F00040EB28}.Release|x64.ActiveCfg = Release|Any CPU
		{50A107EB-A51F-49FE-9D4A-F7F00040EB28}.Release|x64.Build.0 = Release|Any CPU
		{50A107EB-A51F-49FE-9D4A-F7F00040EB28}.Release|x86.ActiveCfg = Release|Any CPU
		{50A107EB-A51F-49FE-9D4A-F7F00040EB28}.Release|x86.Build.0 = Release|Any CPU
	EndGlobalSection
	GlobalSection(SolutionProperties) = preSolution
		HideSolutionNode = FALSE
	EndGlobalSection
	GlobalSection(NestedProjects) = preSolution
		{C9C9988C-C8DD-44E5-A500-D2B1F5379EF1} = {827E0CD3-B72D-47B6-A68D-7590B98EB39B}
		{CB8737B8-C793-4F02-B5CA-D13371E06052} = {827E0CD3-B72D-47B6-A68D-7590B98EB39B}
		{4E7FEBC9-9E38-4259-96F2-BECA4629B9C6} = {827E0CD3-B72D-47B6-A68D-7590B98EB39B}
		{6A20C14B-5679-48D3-96D1-16E7DA58539F} = {827E0CD3-B72D-47B6-A68D-7590B98EB39B}
		{50A107EB-A51F-49FE-9D4A-F7F00040EB28} = {827E0CD3-B72D-47B6-A68D-7590B98EB39B}
	EndGlobalSection
EndGlobal
